{
  "name": "my-react-app",
  "version": "1.0.0",
  "lockfileVersion": 2,
  "dependencies": {
    "react": {
      "version": "18.3.0",
      "resolved": "https://registry.npmjs.org/react/-/react-18.3.0.tgz",
      "integrity": "sha512-Yc1hC+NcZZ2iG2HzXoiyC7EzfK7hY0zCRUlh3DPxuV8/vmOThvxQUkL0EJ5r/dA4KdsQ3MW6vLZsfGFiWqRtKQ==",
      "engines": {
        "node": ">=14.0.0"
      }
    },
    "react-dom": {
      "version": "18.3.0",
      "resolved": "https://registry.npmjs.org/react-dom/-/react-dom-18.3.0.tgz",
      "integrity": "sha512-nzNslPH+mDW4mP6nczwJZs5H39azWifk66n8+hL8+x8n7X2SoGd6CK2CyyjH4+yHZMn7J/ohGpUJf7pF8ZUg==",
      "engines": {
        "node": ">=14.0.0"
      }
    },
    "react-scripts": {
      "version": "5.0.0",
      "resolved": "https://registry.npmjs.org/react-scripts/-/react-scripts-5.0.0.tgz",
      "integrity": "sha512-pt8BrdsT8+eGvs6dy0cW16CLvF5+c2HkkMJ03S2o15aQzSTG9NpPdpFbNkW/MVVZ9W9M4Ig+JSK4LEQyHoHEhw==",
      "engines": {
        "node": ">=14.0.0"
      }
    }
  },
  "engines": {
    "node": ">=14.0.0"
  },
  "devDependencies": {}
}
